
Microsoft Visual Studio Solution File, Format Version 12.00
# Visual Studio Version 17
VisualStudioVersion = 17.5.33627.172
MinimumVisualStudioVersion = 10.0.40219.1
Project("{FAE04EC0-301F-11D3-BF4B-00C04F79EFBC}") = "MathQuiz", "MathQuiz\MathQuiz.csproj", "{A865C7C1-4E70-4A5B-81C0-72A97FE030FF}"
EndProject
Global
	GlobalSection(SolutionConfigurationPlatforms) = preSolution
		Debug|Any CPU = Debug|Any CPU
		Release|Any CPU = Release|Any CPU
	EndGlobalSection
	GlobalSection(ProjectConfigurationPlatforms) = postSolution
		{A865C7C1-4E70-4A5B-81C0-72A97FE030FF}.Debug|Any CPU.ActiveCfg = Debug|Any CPU
		{A865C7C1-4E70-4A5B-81C0-72A97FE030FF}.Debug|Any CPU.Build.0 = Debug|Any CPU
		{A865C7C1-4E70-4A5B-81C0-72A97FE030FF}.Release|Any CPU.ActiveCfg = Release|Any CPU
		{A865C7C1-4E70-4A5B-81C0-72A97FE030FF}.Release|Any CPU.Build.0 = Release|Any CPU
	EndGlobalSection
	GlobalSection(SolutionProperties) = preSolution
		HideSolutionNode = FALSE
	EndGlobalSection
	GlobalSection(ExtensibilityGlobals) = postSolution
		SolutionGuid = {37249139-222B-48FC-B03D-31A7911DB121}
	EndGlobalSection
EndGlobal
